
Microsoft Visual Studio Solution File, Format Version 12.00
# Visual Studio 15
VisualStudioVersion = 15.0.27004.2010
MinimumVisualStudioVersion = 10.0.40219.1
Project("{8BC9CEB8-8B4A-11D0-8D11-00A0C91BC942}") = "process spawning", "process spawning\process spawning.vcxproj", "{FCB491FC-4A4B-49A8-AB90-DDC60F8BCE4C}"
EndProject
Global
	GlobalSection(SolutionConfigurationPlatforms) = preSolution
		Debug|x64 = Debug|x64
		Debug|x86 = Debug|x86
		Release|x64 = Release|x64
		Release|x86 = Release|x86
	EndGlobalSection
	GlobalSection(ProjectConfigurationPlatforms) = postSolution
		{FCB491FC-4A4B-49A8-AB90-DDC60F8BCE4C}.Debug|x64.ActiveCfg = Debug|x64
		{FCB491FC-4A4B-49A8-AB90-DDC60F8BCE4C}.Debug|x64.Build.0 = Debug|x64
		{FCB491FC-4A4B-49A8-AB90-DDC60F8BCE4C}.Debug|x86.ActiveCfg = Debug|Win32
		{FCB491FC-4A4B-49A8-AB90-DDC60F8BCE4C}.Debug|x86.Build.0 = Debug|Win32
		{FCB491FC-4A4B-49A8-AB90-DDC60F8BCE4C}.Release|x64.ActiveCfg = Release|x64
		{FCB491FC-4A4B-49A8-AB90-DDC60F8BCE4C}.Release|x64.Build.0 = Release|x64
		{FCB491FC-4A4B-49A8-AB90-DDC60F8BCE4C}.Release|x86.ActiveCfg = Release|Win32
		{FCB491FC-4A4B-49A8-AB90-DDC60F8BCE4C}.Release|x86.Build.0 = Release|Win32
	EndGlobalSection
	GlobalSection(SolutionProperties) = preSolution
		HideSolutionNode = FALSE
	EndGlobalSection
	GlobalSection(ExtensibilityGlobals) = postSolution
		SolutionGuid = {F2CF98AE-A274-4AA0-8B5B-32DC4A737FA0}
	EndGlobalSection
EndGlobal
