<?xml version="1.0" encoding="utf-8"?>
<Project ToolsVersion="4.0" xmlns="http://schemas.microsoft.com/developer/msbuild/2003">
  <ItemGroup>
    <Filter Include="Source Files">
      <UniqueIdentifier>{4FC737F1-C7A5-4376-A066-2A32D752A2FF}</UniqueIdentifier>
      <Extensions>cpp;c;cc;cxx;def;odl;idl;hpj;bat;asm;asmx</Extensions>
    </Filter>
    <Filter Include="Header Files">
      <UniqueIdentifier>{93995380-89BD-4b04-88EB-625FBE52EBFB}</UniqueIdentifier>
      <Extensions>h;hh;hpp;hxx;hm;inl;inc;xsd</Extensions>
    </Filter>
    <Filter Include="Resource Files">
      <UniqueIdentifier>{67DA6AB6-F800-4c08-8B7A-83BB121AAD01}</UniqueIdentifier>
      <Extensions>rc;ico;cur;bmp;dlg;rc2;rct;bin;rgs;gif;jpg;jpeg;jpe;resx;tiff;tif;png;wav;mfcribbon-ms</Extensions>
    </Filter>
  </ItemGroup>
  <ItemGroup>
    <ClCompile Include="Main.cpp">
      <Filter>Source Files</Filter>
    </ClCompile>
    <ClCompile Include="..\Entity component\AiComponent.cpp">
      <Filter>Source Files</Filter>
    </ClCompile>
    <ClCompile Include="..\Entity component\AiSystem.cpp">
      <Filter>Source Files</Filter>
    </ClCompile>
    <ClCompile Include="..\Entity component\Alien.cpp">
      <Filter>Source Files</Filter>
    </ClCompile>
    <ClCompile Include="..\Entity component\Cat.cpp">
      <Filter>Source Files</Filter>
    </ClCompile>
    <ClCompile Include="..\Entity component\Component.cpp">
      <Filter>Source Files</Filter>
    </ClCompile>
    <ClCompile Include="..\Entity component\ControlComponent.cpp">
      <Filter>Source Files</Filter>
    </ClCompile>
    <ClCompile Include="..\Entity component\ControlSystem.cpp">
      <Filter>Source Files</Filter>
    </ClCompile>
    <ClCompile Include="..\Entity component\Dog.cpp">
      <Filter>Source Files</Filter>
    </ClCompile>
    <ClCompile Include="..\Entity component\Game.cpp">
      <Filter>Source Files</Filter>
    </ClCompile>
    <ClCompile Include="..\Entity component\HealthComponent.cpp">
      <Filter>Source Files</Filter>
    </ClCompile>
    <ClCompile Include="..\Entity component\HealthSystem.cpp">
      <Filter>Source Files</Filter>
    </ClCompile>
    <ClCompile Include="..\Entity component\Player.cpp">
      <Filter>Source Files</Filter>
    </ClCompile>
    <ClCompile Include="..\Entity component\PositionComponent.cpp">
      <Filter>Source Files</Filter>
    </ClCompile>
    <ClCompile Include="..\Entity component\PositionSystem.cpp">
      <Filter>Source Files</Filter>
    </ClCompile>
    <ClCompile Include="..\Entity component\RenderSystem.cpp">
      <Filter>Source Files</Filter>
    </ClCompile>
  </ItemGroup>
  <ItemGroup>
    <ClInclude Include="..\Entity component\AiComponent.h">
      <Filter>Header Files</Filter>
    </ClInclude>
    <ClInclude Include="..\Entity component\AiSystem.h">
      <Filter>Header Files</Filter>
    </ClInclude>
    <ClInclude Include="..\Entity component\Alien.h">
      <Filter>Header Files</Filter>
    </ClInclude>
    <ClInclude Include="..\Entity component\Cat.h">
      <Filter>Header Files</Filter>
    </ClInclude>
    <ClInclude Include="..\Entity component\Component.h">
      <Filter>Header Files</Filter>
    </ClInclude>
    <ClInclude Include="..\Entity component\ComponentTypes.h">
      <Filter>Header Files</Filter>
    </ClInclude>
    <ClInclude Include="..\Entity component\ControlComponent.h">
      <Filter>Header Files</Filter>
    </ClInclude>
    <ClInclude Include="..\Entity component\ControlSystem.h">
      <Filter>Header Files</Filter>
    </ClInclude>
    <ClInclude Include="..\Entity component\Dog.h">
      <Filter>Header Files</Filter>
    </ClInclude>
    <ClInclude Include="..\Entity component\Entity.h">
      <Filter>Header Files</Filter>
    </ClInclude>
    <ClInclude Include="..\Entity component\Game.h">
      <Filter>Header Files</Filter>
    </ClInclude>
    <ClInclude Include="..\Entity component\HealthComponent.h">
      <Filter>Header Files</Filter>
    </ClInclude>
    <ClInclude Include="..\Entity component\HealthSystem.h">
      <Filter>Header Files</Filter>
    </ClInclude>
    <ClInclude Include="..\Entity component\Player.h">
      <Filter>Header Files</Filter>
    </ClInclude>
    <ClInclude Include="..\Entity component\PositionComponent.h">
      <Filter>Header Files</Filter>
    </ClInclude>
    <ClInclude Include="..\Entity component\PositionSystem.h">
      <Filter>Header Files</Filter>
    </ClInclude>
    <ClInclude Include="..\Entity component\RenderSystem.h">
      <Filter>Header Files</Filter>
    </ClInclude>
  </ItemGroup>
</Project>