
Microsoft Visual Studio Solution File, Format Version 12.00
# Visual Studio 15
VisualStudioVersion = 15.0.27004.2010
MinimumVisualStudioVersion = 10.0.40219.1
Project("{8BC9CEB8-8B4A-11D0-8D11-00A0C91BC942}") = "Entity component", "Entity component\Entity component.vcxproj", "{BA08E8E4-21C4-4CA5-83CD-5016BF51C700}"
EndProject
Project("{8BC9CEB8-8B4A-11D0-8D11-00A0C91BC942}") = "Project1", "Project1\Project1.vcxproj", "{853DB53E-E434-4DA1-B3EF-40D0EF5A0331}"
EndProject
Global
	GlobalSection(SolutionConfigurationPlatforms) = preSolution
		Debug|x64 = Debug|x64
		Debug|x86 = Debug|x86
		Release|x64 = Release|x64
		Release|x86 = Release|x86
	EndGlobalSection
	GlobalSection(ProjectConfigurationPlatforms) = postSolution
		{BA08E8E4-21C4-4CA5-83CD-5016BF51C700}.Debug|x64.ActiveCfg = Debug|x64
		{BA08E8E4-21C4-4CA5-83CD-5016BF51C700}.Debug|x64.Build.0 = Debug|x64
		{BA08E8E4-21C4-4CA5-83CD-5016BF51C700}.Debug|x86.ActiveCfg = Debug|Win32
		{BA08E8E4-21C4-4CA5-83CD-5016BF51C700}.Debug|x86.Build.0 = Debug|Win32
		{BA08E8E4-21C4-4CA5-83CD-5016BF51C700}.Release|x64.ActiveCfg = Release|x64
		{BA08E8E4-21C4-4CA5-83CD-5016BF51C700}.Release|x64.Build.0 = Release|x64
		{BA08E8E4-21C4-4CA5-83CD-5016BF51C700}.Release|x86.ActiveCfg = Release|Win32
		{BA08E8E4-21C4-4CA5-83CD-5016BF51C700}.Release|x86.Build.0 = Release|Win32
		{853DB53E-E434-4DA1-B3EF-40D0EF5A0331}.Debug|x64.ActiveCfg = Debug|x64
		{853DB53E-E434-4DA1-B3EF-40D0EF5A0331}.Debug|x64.Build.0 = Debug|x64
		{853DB53E-E434-4DA1-B3EF-40D0EF5A0331}.Debug|x86.ActiveCfg = Debug|Win32
		{853DB53E-E434-4DA1-B3EF-40D0EF5A0331}.Debug|x86.Build.0 = Debug|Win32
		{853DB53E-E434-4DA1-B3EF-40D0EF5A0331}.Release|x64.ActiveCfg = Release|x64
		{853DB53E-E434-4DA1-B3EF-40D0EF5A0331}.Release|x64.Build.0 = Release|x64
		{853DB53E-E434-4DA1-B3EF-40D0EF5A0331}.Release|x86.ActiveCfg = Release|Win32
		{853DB53E-E434-4DA1-B3EF-40D0EF5A0331}.Release|x86.Build.0 = Release|Win32
	EndGlobalSection
	GlobalSection(SolutionProperties) = preSolution
		HideSolutionNode = FALSE
	EndGlobalSection
	GlobalSection(ExtensibilityGlobals) = postSolution
		SolutionGuid = {34EB9A3A-B873-4F56-B1EB-843C17E94D7E}
	EndGlobalSection
EndGlobal
